
Microsoft Visual Studio Solution File, Format Version 12.00
# Visual Studio Version 16
VisualStudioVersion = 16.0.30804.86
MinimumVisualStudioVersion = 10.0.40219.1
Project("{FAE04EC0-301F-11D3-BF4B-00C04F79EFBC}") = "DynamicForms", "DynamicForms\DynamicForms.csproj", "{080675A5-40A5-45AD-A6A7-53298087CB9D}"
EndProject
Project("{FAE04EC0-301F-11D3-BF4B-00C04F79EFBC}") = "Workbench", "Workbench\Workbench.csproj", "{38A94911-AF59-499E-A454-AE104FD75F1B}"
EndProject
Global
	GlobalSection(SolutionConfigurationPlatforms) = preSolution
		Debug|Any CPU = Debug|Any CPU
		Release|Any CPU = Release|Any CPU
	EndGlobalSection
	GlobalSection(ProjectConfigurationPlatforms) = postSolution
		{080675A5-40A5-45AD-A6A7-53298087CB9D}.Debug|Any CPU.ActiveCfg = Debug|Any CPU
		{080675A5-40A5-45AD-A6A7-53298087CB9D}.Debug|Any CPU.Build.0 = Debug|Any CPU
		{080675A5-40A5-45AD-A6A7-53298087CB9D}.Release|Any CPU.ActiveCfg = Release|Any CPU
		{080675A5-40A5-45AD-A6A7-53298087CB9D}.Release|Any CPU.Build.0 = Release|Any CPU
		{38A94911-AF59-499E-A454-AE104FD75F1B}.Debug|Any CPU.ActiveCfg = Debug|Any CPU
		{38A94911-AF59-499E-A454-AE104FD75F1B}.Debug|Any CPU.Build.0 = Debug|Any CPU
		{38A94911-AF59-499E-A454-AE104FD75F1B}.Release|Any CPU.ActiveCfg = Release|Any CPU
		{38A94911-AF59-499E-A454-AE104FD75F1B}.Release|Any CPU.Build.0 = Release|Any CPU
	EndGlobalSection
	GlobalSection(SolutionProperties) = preSolution
		HideSolutionNode = FALSE
	EndGlobalSection
	GlobalSection(ExtensibilityGlobals) = postSolution
		SolutionGuid = {54B5CB8F-C627-43EE-BD0E-94639B003DDC}
	EndGlobalSection
EndGlobal
